
Microsoft Visual Studio Solution File, Format Version 12.00
# Visual Studio Version 17
VisualStudioVersion = 17.9.34728.123
MinimumVisualStudioVersion = 10.0.40219.1
Project("{9A19103F-16F7-4668-BE54-9A1E7A4F7556}") = "NalinTransactionStoreAndRetrieval", "NalinTransactionStoreAndRetrieval.csproj", "{7571006C-5685-48B6-A127-7C6176D20087}"
EndProject
Project("{9A19103F-16F7-4668-BE54-9A1E7A4F7556}") = "NalinTransactionPersistence", "..\NalinTransactionPersistence\NalinTransactionPersistence.csproj", "{DC166390-FE1F-40AA-980F-B4DECB7AAB3A}"
EndProject
Project("{9A19103F-16F7-4668-BE54-9A1E7A4F7556}") = "NalinTransactionCommon", "..\NalinTransactionCommon\NalinTransactionCommon.csproj", "{74F9F161-5D8E-447D-A47B-0EA2C8B5024C}"
EndProject
Global
	GlobalSection(SolutionConfigurationPlatforms) = preSolution
		Debug|Any CPU = Debug|Any CPU
		Release|Any CPU = Release|Any CPU
	EndGlobalSection
	GlobalSection(ProjectConfigurationPlatforms) = postSolution
		{7571006C-5685-48B6-A127-7C6176D20087}.Debug|Any CPU.ActiveCfg = Debug|Any CPU
		{7571006C-5685-48B6-A127-7C6176D20087}.Debug|Any CPU.Build.0 = Debug|Any CPU
		{7571006C-5685-48B6-A127-7C6176D20087}.Release|Any CPU.ActiveCfg = Release|Any CPU
		{7571006C-5685-48B6-A127-7C6176D20087}.Release|Any CPU.Build.0 = Release|Any CPU
		{DC166390-FE1F-40AA-980F-B4DECB7AAB3A}.Debug|Any CPU.ActiveCfg = Debug|Any CPU
		{DC166390-FE1F-40AA-980F-B4DECB7AAB3A}.Debug|Any CPU.Build.0 = Debug|Any CPU
		{DC166390-FE1F-40AA-980F-B4DECB7AAB3A}.Release|Any CPU.ActiveCfg = Release|Any CPU
		{DC166390-FE1F-40AA-980F-B4DECB7AAB3A}.Release|Any CPU.Build.0 = Release|Any CPU
		{74F9F161-5D8E-447D-A47B-0EA2C8B5024C}.Debug|Any CPU.ActiveCfg = Debug|Any CPU
		{74F9F161-5D8E-447D-A47B-0EA2C8B5024C}.Debug|Any CPU.Build.0 = Debug|Any CPU
		{74F9F161-5D8E-447D-A47B-0EA2C8B5024C}.Release|Any CPU.ActiveCfg = Release|Any CPU
		{74F9F161-5D8E-447D-A47B-0EA2C8B5024C}.Release|Any CPU.Build.0 = Release|Any CPU
	EndGlobalSection
	GlobalSection(SolutionProperties) = preSolution
		HideSolutionNode = FALSE
	EndGlobalSection
	GlobalSection(ExtensibilityGlobals) = postSolution
		SolutionGuid = {0B9F18A1-0A94-4176-BF71-2B4D2ED02900}
	EndGlobalSection
EndGlobal
